Microsoft Visual Studio Solution File, Format Version 11.00
# Visual Studio 2008

Project("{4DD2AF1E-FAC9-4716-9EA6-9DF2FF3E82EE}") = "Invasion 1945 Template", "Assembly-CSharp.csproj", "{07C1825D-1C25-26BF-D74C-DAA00F78866E}"
EndProject
Project("{4DD2AF1E-FAC9-4716-9EA6-9DF2FF3E82EE}") = "Invasion 1945 Template", "Assembly-UnityScript.unityproj", "{108C2B7D-7A8F-B0DC-0ECB-8A51F9EAA491}"
EndProject
Global
	GlobalSection(SolutionConfigurationPlatforms) = preSolution
		Debug|Any CPU = Debug|Any CPU
		Release|Any CPU = Release|Any CPU
	EndGlobalSection
	GlobalSection(ProjectConfigurationPlatforms) = postSolution
		{07C1825D-1C25-26BF-D74C-DAA00F78866E}.Debug|Any CPU.ActiveCfg = Debug|Any CPU
		{07C1825D-1C25-26BF-D74C-DAA00F78866E}.Debug|Any CPU.Build.0 = Debug|Any CPU
		{07C1825D-1C25-26BF-D74C-DAA00F78866E}.Release|Any CPU.ActiveCfg = Release|Any CPU
		{07C1825D-1C25-26BF-D74C-DAA00F78866E}.Release|Any CPU.Build.0 = Release|Any CPU
		{108C2B7D-7A8F-B0DC-0ECB-8A51F9EAA491}.Debug|Any CPU.ActiveCfg = Debug|Any CPU
		{108C2B7D-7A8F-B0DC-0ECB-8A51F9EAA491}.Debug|Any CPU.Build.0 = Debug|Any CPU
		{108C2B7D-7A8F-B0DC-0ECB-8A51F9EAA491}.Release|Any CPU.ActiveCfg = Release|Any CPU
		{108C2B7D-7A8F-B0DC-0ECB-8A51F9EAA491}.Release|Any CPU.Build.0 = Release|Any CPU
	EndGlobalSection
	GlobalSection(SolutionProperties) = preSolution
		HideSolutionNode = FALSE
	EndGlobalSection
	GlobalSection(MonoDevelopProperties) = preSolution
		StartupItem = Assembly-CSharp.csproj
	EndGlobalSection
EndGlobal
